
Microsoft Visual Studio Solution File, Format Version 12.00
# Visual Studio Version 16
VisualStudioVersion = 16.0.31019.35
MinimumVisualStudioVersion = 10.0.40219.1
Project("{888888A0-9F3D-457C-B088-3A5042F75D52}") = "myCat_by_Python", "myCat_by_Python.pyproj", "{880FCD95-9319-41D7-9CB4-A8A36C3062B8}"
EndProject
Global
	GlobalSection(SolutionConfigurationPlatforms) = preSolution
		Debug|Any CPU = Debug|Any CPU
		Release|Any CPU = Release|Any CPU
	EndGlobalSection
	GlobalSection(ProjectConfigurationPlatforms) = postSolution
		{880FCD95-9319-41D7-9CB4-A8A36C3062B8}.Debug|Any CPU.ActiveCfg = Debug|Any CPU
		{880FCD95-9319-41D7-9CB4-A8A36C3062B8}.Release|Any CPU.ActiveCfg = Release|Any CPU
	EndGlobalSection
	GlobalSection(SolutionProperties) = preSolution
		HideSolutionNode = FALSE
	EndGlobalSection
	GlobalSection(ExtensibilityGlobals) = postSolution
		SolutionGuid = {8A8F66C2-174F-49F5-8B90-6D2C63CE067A}
	EndGlobalSection
EndGlobal
